
Microsoft Visual Studio Solution File, Format Version 12.00
# Visual Studio Version 17
VisualStudioVersion = 17.8.34330.188
MinimumVisualStudioVersion = 10.0.40219.1
Project("{9A19103F-16F7-4668-BE54-9A1E7A4F7556}") = "MalusAdmin.WebApi", "MalusAdmin.WebApi\MalusAdmin.WebApi.csproj", "{AFB12C50-F426-47C4-BB23-2DE7BA59DBBB}"
EndProject
Project("{9A19103F-16F7-4668-BE54-9A1E7A4F7556}") = "MalusAdmin.Common", "MalusAdmin.Common\MalusAdmin.Common.csproj", "{D1192BC8-B353-4BD5-8CA9-FFCD62E66282}"
EndProject
Project("{9A19103F-16F7-4668-BE54-9A1E7A4F7556}") = "MalusAdmin.Repository", "MalusAdmin.Repository\MalusAdmin.Repository.csproj", "{203590E5-2075-4EC0-9527-D91C2BDDF987}"
EndProject
Project("{9A19103F-16F7-4668-BE54-9A1E7A4F7556}") = "MalusAdmin.Servers", "MalusAdmin.Servers\MalusAdmin.Servers.csproj", "{300CD128-9FE5-4F31-980C-E0ED478AE8CB}"
EndProject
Project("{2150E333-8FDC-42A3-9474-1A3956D46DE8}") = "NewFolder1", "NewFolder1", "{94C2604C-9A1D-4AAE-9D13-CDEDD336DB74}"
EndProject
Project("{2150E333-8FDC-42A3-9474-1A3956D46DE8}") = "后台服务", "后台服务", "{FA506B9E-426B-4866-94A8-2C5BCE76B613}"
EndProject
Project("{FAE04EC0-301F-11D3-BF4B-00C04F79EFBC}") = "MalusAdmin.BackUpServices", "MalusAdmin.BackUpServices\MalusAdmin.BackUpServices.csproj", "{799822AE-65F2-40EE-AFA1-9601C8A3FA30}"
EndProject
Global
	GlobalSection(SolutionConfigurationPlatforms) = preSolution
		Debug|Any CPU = Debug|Any CPU
		Release|Any CPU = Release|Any CPU
	EndGlobalSection
	GlobalSection(ProjectConfigurationPlatforms) = postSolution
		{AFB12C50-F426-47C4-BB23-2DE7BA59DBBB}.Debug|Any CPU.ActiveCfg = Debug|Any CPU
		{AFB12C50-F426-47C4-BB23-2DE7BA59DBBB}.Debug|Any CPU.Build.0 = Debug|Any CPU
		{AFB12C50-F426-47C4-BB23-2DE7BA59DBBB}.Release|Any CPU.ActiveCfg = Release|Any CPU
		{AFB12C50-F426-47C4-BB23-2DE7BA59DBBB}.Release|Any CPU.Build.0 = Release|Any CPU
		{D1192BC8-B353-4BD5-8CA9-FFCD62E66282}.Debug|Any CPU.ActiveCfg = Debug|Any CPU
		{D1192BC8-B353-4BD5-8CA9-FFCD62E66282}.Debug|Any CPU.Build.0 = Debug|Any CPU
		{D1192BC8-B353-4BD5-8CA9-FFCD62E66282}.Release|Any CPU.ActiveCfg = Release|Any CPU
		{D1192BC8-B353-4BD5-8CA9-FFCD62E66282}.Release|Any CPU.Build.0 = Release|Any CPU
		{203590E5-2075-4EC0-9527-D91C2BDDF987}.Debug|Any CPU.ActiveCfg = Debug|Any CPU
		{203590E5-2075-4EC0-9527-D91C2BDDF987}.Debug|Any CPU.Build.0 = Debug|Any CPU
		{203590E5-2075-4EC0-9527-D91C2BDDF987}.Release|Any CPU.ActiveCfg = Release|Any CPU
		{203590E5-2075-4EC0-9527-D91C2BDDF987}.Release|Any CPU.Build.0 = Release|Any CPU
		{300CD128-9FE5-4F31-980C-E0ED478AE8CB}.Debug|Any CPU.ActiveCfg = Debug|Any CPU
		{300CD128-9FE5-4F31-980C-E0ED478AE8CB}.Debug|Any CPU.Build.0 = Debug|Any CPU
		{300CD128-9FE5-4F31-980C-E0ED478AE8CB}.Release|Any CPU.ActiveCfg = Release|Any CPU
		{300CD128-9FE5-4F31-980C-E0ED478AE8CB}.Release|Any CPU.Build.0 = Release|Any CPU
		{799822AE-65F2-40EE-AFA1-9601C8A3FA30}.Debug|Any CPU.ActiveCfg = Debug|Any CPU
		{799822AE-65F2-40EE-AFA1-9601C8A3FA30}.Debug|Any CPU.Build.0 = Debug|Any CPU
		{799822AE-65F2-40EE-AFA1-9601C8A3FA30}.Release|Any CPU.ActiveCfg = Release|Any CPU
		{799822AE-65F2-40EE-AFA1-9601C8A3FA30}.Release|Any CPU.Build.0 = Release|Any CPU
	EndGlobalSection
	GlobalSection(SolutionProperties) = preSolution
		HideSolutionNode = FALSE
	EndGlobalSection
	GlobalSection(NestedProjects) = preSolution
		{799822AE-65F2-40EE-AFA1-9601C8A3FA30} = {FA506B9E-426B-4866-94A8-2C5BCE76B613}
	EndGlobalSection
	GlobalSection(ExtensibilityGlobals) = postSolution
		SolutionGuid = {A9AD4464-2B87-4C4E-A818-36F26B17DB2C}
	EndGlobalSection
EndGlobal
